// !$*UTF8*$!
{
	archiveVersion = 1;
	classes = {
	};
	objectVersion = 46;
	objects = {

/* Begin PBXBuildFile section */
		1F11D9BA1D33BD1300AEC27D /* EightWayAnt.m in Sources */ = {isa = PBXBuildFile; fileRef = 1F11D9B91D33BD1300AEC27D /* EightWayAnt.m */; };
		1F11D9BD1D38CBE400AEC27D /* Settings.m in Sources */ = {isa = PBXBuildFile; fileRef = 1F11D9BC1D38CBE400AEC27D /* Settings.m */; };
		1F11D9C01D38CF5D00AEC27D /* Constants.m in Sources */ = {isa = PBXBuildFile; fileRef = 1F11D9BF1D38CF5D00AEC27D /* Constants.m */; };
		1F11D9C31D38E04100AEC27D /* MainDisplayViewController.m in Sources */ = {isa = PBXBuildFile; fileRef = 1F11D9C21D38E04100AEC27D /* MainDisplayViewController.m */; };
		1F11D9C61D3A1AE300AEC27D /* MainMenuTVC.m in Sources */ = {isa = PBXBuildFile; fileRef = 1F11D9C51D3A1AE300AEC27D /* MainMenuTVC.m */; };
		1F11D9CA1D3AE43300AEC27D /* SpeedCell.m in Sources */ = {isa = PBXBuildFile; fileRef = 1F11D9C91D3AE43300AEC27D /* SpeedCell.m */; };
		1F2AD93E1D23A9C70020B06E /* main.m in Sources */ = {isa = PBXBuildFile; fileRef = 1F2AD93D1D23A9C70020B06E /* main.m */; };
		1F2AD9411D23A9C70020B06E /* AppDelegate.m in Sources */ = {isa = PBXBuildFile; fileRef = 1F2AD9401D23A9C70020B06E /* AppDelegate.m */; };
		1F2AD9441D23A9C70020B06E /* ViewController.m in Sources */ = {isa = PBXBuildFile; fileRef = 1F2AD9431D23A9C70020B06E /* ViewController.m */; };
		1F2AD9471D23A9C70020B06E /* Main.storyboard in Resources */ = {isa = PBXBuildFile; fileRef = 1F2AD9451D23A9C70020B06E /* Main.storyboard */; };
		1F2AD9491D23A9C70020B06E /* Assets.xcassets in Resources */ = {isa = PBXBuildFile; fileRef = 1F2AD9481D23A9C70020B06E /* Assets.xcassets */; };
		1F2AD94C1D23A9C70020B06E /* LaunchScreen.storyboard in Resources */ = {isa = PBXBuildFile; fileRef = 1F2AD94A1D23A9C70020B06E /* LaunchScreen.storyboard */; };
		1F2AD9571D23A9C70020B06E /* Hexagonal_Lantons_AntTests.m in Sources */ = {isa = PBXBuildFile; fileRef = 1F2AD9561D23A9C70020B06E /* Hexagonal_Lantons_AntTests.m */; };
		1F2AD9631D23A9E90020B06E /* HexagonalGridView.m in Sources */ = {isa = PBXBuildFile; fileRef = 1F2AD9621D23A9E90020B06E /* HexagonalGridView.m */; };
		1F2AD9661D23AA520020B06E /* Grid.m in Sources */ = {isa = PBXBuildFile; fileRef = 1F2AD9651D23AA520020B06E /* Grid.m */; };
		1F2AD96C1D23BF800020B06E /* AbstractAnt.m in Sources */ = {isa = PBXBuildFile; fileRef = 1F2AD96B1D23BF800020B06E /* AbstractAnt.m */; };
		1F2AD96F1D23BF970020B06E /* HexagonalAnt.m in Sources */ = {isa = PBXBuildFile; fileRef = 1F2AD96E1D23BF970020B06E /* HexagonalAnt.m */; };
		1F2DAF401D336BA4000D898A /* AbstractGridCollection.m in Sources */ = {isa = PBXBuildFile; fileRef = 1F2DAF3F1D336BA4000D898A /* AbstractGridCollection.m */; };
		1F2DAF441D336E76000D898A /* SquareGridCollection.m in Sources */ = {isa = PBXBuildFile; fileRef = 1F2DAF431D336E76000D898A /* SquareGridCollection.m */; };
		1F2DAF471D337259000D898A /* HexagonGridColection.m in Sources */ = {isa = PBXBuildFile; fileRef = 1F2DAF461D337259000D898A /* HexagonGridColection.m */; };
		1F2DAF4A1D3375DC000D898A /* UIViewWithPath.m in Sources */ = {isa = PBXBuildFile; fileRef = 1F2DAF491D3375DC000D898A /* UIViewWithPath.m */; };
		1F40BCD51D27947600B303E0 /* Tim.sf2 in Resources */ = {isa = PBXBuildFile; fileRef = 1F40BCD41D27947600B303E0 /* Tim.sf2 */; };
		1F40BCD81D2798C800B303E0 /* MusicInterpretter.m in Sources */ = {isa = PBXBuildFile; fileRef = 1F40BCD71D2798C800B303E0 /* MusicInterpretter.m */; };
		1F8CDAA81D2A2E3D00AE4D32 /* FourWayAnt.m in Sources */ = {isa = PBXBuildFile; fileRef = 1F8CDAA71D2A2E3D00AE4D32 /* FourWayAnt.m */; };
		1F8CDAAC1D2A358B00AE4D32 /* AntGridView.m in Sources */ = {isa = PBXBuildFile; fileRef = 1F8CDAAB1D2A358B00AE4D32 /* AntGridView.m */; };
		1FDBD3ED1D262D42008665FA /* GridPoint.m in Sources */ = {isa = PBXBuildFile; fileRef = 1FDBD3EC1D262D42008665FA /* GridPoint.m */; };
		1FDBD3F01D2786A2008665FA /* MidiNote.m in Sources */ = {isa = PBXBuildFile; fileRef = 1FDBD3EF1D2786A2008665FA /* MidiNote.m */; };
/* End PBXBuildFile section */

/* Begin PBXContainerItemProxy section */
		1F2AD9531D23A9C70020B06E /* PBXContainerItemProxy */ = {
			isa = PBXContainerItemProxy;
			containerPortal = 1F2AD9311D23A9C70020B06E /* Project object */;
			proxyType = 1;
			remoteGlobalIDString = 1F2AD9381D23A9C70020B06E;
			remoteInfo = "Hexagonal Lantons Ant";
		};
/* End PBXContainerItemProxy section */

/* Begin PBXFileReference section */
		1F11D9B81D33BD1300AEC27D /* EightWayAnt.h */ = {isa = PBXFileReference; fileEncoding = 4; lastKnownFileType = sourcecode.c.h; path = EightWayAnt.h; sourceTree = "<group>"; };
		1F11D9B91D33BD1300AEC27D /* EightWayAnt.m */ = {isa = PBXFileReference; fileEncoding = 4; lastKnownFileType = sourcecode.c.objc; path = EightWayAnt.m; sourceTree = "<group>"; };
		1F11D9BB1D38CBE400AEC27D /* Settings.h */ = {isa = PBXFileReference; fileEncoding = 4; lastKnownFileType = sourcecode.c.h; path = Settings.h; sourceTree = "<group>"; };
		1F11D9BC1D38CBE400AEC27D /* Settings.m */ = {isa = PBXFileReference; fileEncoding = 4; lastKnownFileType = sourcecode.c.objc; path = Settings.m; sourceTree = "<group>"; };
		1F11D9BE1D38CF5D00AEC27D /* Constants.h */ = {isa = PBXFileReference; fileEncoding = 4; lastKnownFileType = sourcecode.c.h; path = Constants.h; sourceTree = "<group>"; };
		1F11D9BF1D38CF5D00AEC27D /* Constants.m */ = {isa = PBXFileReference; fileEncoding = 4; lastKnownFileType = sourcecode.c.objc; path = Constants.m; sourceTree = "<group>"; };
		1F11D9C11D38E04100AEC27D /* MainDisplayViewController.h */ = {isa = PBXFileReference; fileEncoding = 4; lastKnownFileType = sourcecode.c.h; path = MainDisplayViewController.h; sourceTree = "<group>"; };
		1F11D9C21D38E04100AEC27D /* MainDisplayViewController.m */ = {isa = PBXFileReference; fileEncoding = 4; lastKnownFileType = sourcecode.c.objc; path = MainDisplayViewController.m; sourceTree = "<group>"; };
		1F11D9C41D3A1AE300AEC27D /* MainMenuTVC.h */ = {isa = PBXFileReference; fileEncoding = 4; lastKnownFileType = sourcecode.c.h; name = MainMenuTVC.h; path = ../MainMenuTVC.h; sourceTree = "<group>"; };
		1F11D9C51D3A1AE300AEC27D /* MainMenuTVC.m */ = {isa = PBXFileReference; fileEncoding = 4; lastKnownFileType = sourcecode.c.objc; name = MainMenuTVC.m; path = ../MainMenuTVC.m; sourceTree = "<group>"; };
		1F11D9C81D3AE43300AEC27D /* SpeedCell.h */ = {isa = PBXFileReference; fileEncoding = 4; lastKnownFileType = sourcecode.c.h; path = SpeedCell.h; sourceTree = "<group>"; };
		1F11D9C91D3AE43300AEC27D /* SpeedCell.m */ = {isa = PBXFileReference; fileEncoding = 4; lastKnownFileType = sourcecode.c.objc; path = SpeedCell.m; sourceTree = "<group>"; };
		1F2AD9391D23A9C70020B06E /* Hexagonal Lantons Ant.app */ = {isa = PBXFileReference; explicitFileType = wrapper.application; includeInIndex = 0; path = "Hexagonal Lantons Ant.app"; sourceTree = BUILT_PRODUCTS_DIR; };
		1F2AD93D1D23A9C70020B06E /* main.m */ = {isa = PBXFileReference; lastKnownFileType = sourcecode.c.objc; path = main.m; sourceTree = "<group>"; };
		1F2AD93F1D23A9C70020B06E /* AppDelegate.h */ = {isa = PBXFileReference; lastKnownFileType = sourcecode.c.h; path = AppDelegate.h; sourceTree = "<group>"; };
		1F2AD9401D23A9C70020B06E /* AppDelegate.m */ = {isa = PBXFileReference; lastKnownFileType = sourcecode.c.objc; path = AppDelegate.m; sourceTree = "<group>"; };
		1F2AD9421D23A9C70020B06E /* ViewController.h */ = {isa = PBXFileReference; lastKnownFileType = sourcecode.c.h; name = ViewController.h; path = "Hexagonal Lantons Ant/ViewController.h"; sourceTree = "<group>"; };
		1F2AD9431D23A9C70020B06E /* ViewController.m */ = {isa = PBXFileReference; lastKnownFileType = sourcecode.c.objc; lineEnding = 0; name = ViewController.m; path = "Hexagonal Lantons Ant/ViewController.m"; sourceTree = "<group>"; xcLanguageSpecificationIdentifier = xcode.lang.objc; };
		1F2AD9461D23A9C70020B06E /* Base */ = {isa = PBXFileReference; lastKnownFileType = file.storyboard; name = Base; path = Base.lproj/Main.storyboard; sourceTree = "<group>"; };
		1F2AD9481D23A9C70020B06E /* Assets.xcassets */ = {isa = PBXFileReference; lastKnownFileType = folder.assetcatalog; path = Assets.xcassets; sourceTree = "<group>"; };
		1F2AD94B1D23A9C70020B06E /* Base */ = {isa = PBXFileReference; lastKnownFileType = file.storyboard; name = Base; path = Base.lproj/LaunchScreen.storyboard; sourceTree = "<group>"; };
		1F2AD94D1D23A9C70020B06E /* Info.plist */ = {isa = PBXFileReference; lastKnownFileType = text.plist.xml; path = Info.plist; sourceTree = "<group>"; };
		1F2AD9521D23A9C70020B06E /* Hexagonal Lantons AntTests.xctest */ = {isa = PBXFileReference; explicitFileType = wrapper.cfbundle; includeInIndex = 0; path = "Hexagonal Lantons AntTests.xctest"; sourceTree = BUILT_PRODUCTS_DIR; };
		1F2AD9561D23A9C70020B06E /* Hexagonal_Lantons_AntTests.m */ = {isa = PBXFileReference; lastKnownFileType = sourcecode.c.objc; path = Hexagonal_Lantons_AntTests.m; sourceTree = "<group>"; };
		1F2AD9581D23A9C70020B06E /* Info.plist */ = {isa = PBXFileReference; lastKnownFileType = text.plist.xml; path = Info.plist; sourceTree = "<group>"; };
		1F2AD9611D23A9E90020B06E /* HexagonalGridView.h */ = {isa = PBXFileReference; fileEncoding = 4; lastKnownFileType = sourcecode.c.h; path = HexagonalGridView.h; sourceTree = "<group>"; };
		1F2AD9621D23A9E90020B06E /* HexagonalGridView.m */ = {isa = PBXFileReference; fileEncoding = 4; lastKnownFileType = sourcecode.c.objc; path = HexagonalGridView.m; sourceTree = "<group>"; };
		1F2AD9641D23AA520020B06E /* Grid.h */ = {isa = PBXFileReference; fileEncoding = 4; lastKnownFileType = sourcecode.c.h; path = Grid.h; sourceTree = "<group>"; };
		1F2AD9651D23AA520020B06E /* Grid.m */ = {isa = PBXFileReference; fileEncoding = 4; lastKnownFileType = sourcecode.c.objc; path = Grid.m; sourceTree = "<group>"; };
		1F2AD96A1D23BF800020B06E /* AbstractAnt.h */ = {isa = PBXFileReference; fileEncoding = 4; lastKnownFileType = sourcecode.c.h; path = AbstractAnt.h; sourceTree = "<group>"; };
		1F2AD96B1D23BF800020B06E /* AbstractAnt.m */ = {isa = PBXFileReference; fileEncoding = 4; lastKnownFileType = sourcecode.c.objc; path = AbstractAnt.m; sourceTree = "<group>"; };
		1F2AD96D1D23BF970020B06E /* HexagonalAnt.h */ = {isa = PBXFileReference; fileEncoding = 4; lastKnownFileType = sourcecode.c.h; path = HexagonalAnt.h; sourceTree = "<group>"; };
		1F2AD96E1D23BF970020B06E /* HexagonalAnt.m */ = {isa = PBXFileReference; fileEncoding = 4; lastKnownFileType = sourcecode.c.objc; path = HexagonalAnt.m; sourceTree = "<group>"; };
		1F2DAF3E1D336BA4000D898A /* AbstractGridCollection.h */ = {isa = PBXFileReference; fileEncoding = 4; lastKnownFileType = sourcecode.c.h; path = AbstractGridCollection.h; sourceTree = "<group>"; };
		1F2DAF3F1D336BA4000D898A /* AbstractGridCollection.m */ = {isa = PBXFileReference; fileEncoding = 4; lastKnownFileType = sourcecode.c.objc; path = AbstractGridCollection.m; sourceTree = "<group>"; };
		1F2DAF421D336E76000D898A /* SquareGridCollection.h */ = {isa = PBXFileReference; fileEncoding = 4; lastKnownFileType = sourcecode.c.h; path = SquareGridCollection.h; sourceTree = "<group>"; };
		1F2DAF431D336E76000D898A /* SquareGridCollection.m */ = {isa = PBXFileReference; fileEncoding = 4; lastKnownFileType = sourcecode.c.objc; path = SquareGridCollection.m; sourceTree = "<group>"; };
		1F2DAF451D337259000D898A /* HexagonGridColection.h */ = {isa = PBXFileReference; fileEncoding = 4; lastKnownFileType = sourcecode.c.h; path = HexagonGridColection.h; sourceTree = "<group>"; };
		1F2DAF461D337259000D898A /* HexagonGridColection.m */ = {isa = PBXFileReference; fileEncoding = 4; lastKnownFileType = sourcecode.c.objc; path = HexagonGridColection.m; sourceTree = "<group>"; };
		1F2DAF481D3375DC000D898A /* UIViewWithPath.h */ = {isa = PBXFileReference; fileEncoding = 4; lastKnownFileType = sourcecode.c.h; path = UIViewWithPath.h; sourceTree = "<group>"; };
		1F2DAF491D3375DC000D898A /* UIViewWithPath.m */ = {isa = PBXFileReference; fileEncoding = 4; lastKnownFileType = sourcecode.c.objc; path = UIViewWithPath.m; sourceTree = "<group>"; };
		1F40BCD41D27947600B303E0 /* Tim.sf2 */ = {isa = PBXFileReference; lastKnownFileType = file; path = Tim.sf2; sourceTree = "<group>"; };
		1F40BCD61D2798C800B303E0 /* MusicInterpretter.h */ = {isa = PBXFileReference; fileEncoding = 4; lastKnownFileType = sourcecode.c.h; path = MusicInterpretter.h; sourceTree = "<group>"; };
		1F40BCD71D2798C800B303E0 /* MusicInterpretter.m */ = {isa = PBXFileReference; fileEncoding = 4; lastKnownFileType = sourcecode.c.objc; path = MusicInterpretter.m; sourceTree = "<group>"; };
		1F8CDAA61D2A2E3D00AE4D32 /* FourWayAnt.h */ = {isa = PBXFileReference; fileEncoding = 4; lastKnownFileType = sourcecode.c.h; path = FourWayAnt.h; sourceTree = "<group>"; };
		1F8CDAA71D2A2E3D00AE4D32 /* FourWayAnt.m */ = {isa = PBXFileReference; fileEncoding = 4; lastKnownFileType = sourcecode.c.objc; path = FourWayAnt.m; sourceTree = "<group>"; };
		1F8CDAAA1D2A358B00AE4D32 /* AntGridView.h */ = {isa = PBXFileReference; fileEncoding = 4; lastKnownFileType = sourcecode.c.h; path = AntGridView.h; sourceTree = "<group>"; };
		1F8CDAAB1D2A358B00AE4D32 /* AntGridView.m */ = {isa = PBXFileReference; fileEncoding = 4; lastKnownFileType = sourcecode.c.objc; path = AntGridView.m; sourceTree = "<group>"; };
		1FDBD3EB1D262D42008665FA /* GridPoint.h */ = {isa = PBXFileReference; fileEncoding = 4; lastKnownFileType = sourcecode.c.h; path = GridPoint.h; sourceTree = "<group>"; };
		1FDBD3EC1D262D42008665FA /* GridPoint.m */ = {isa = PBXFileReference; fileEncoding = 4; lastKnownFileType = sourcecode.c.objc; path = GridPoint.m; sourceTree = "<group>"; };
		1FDBD3EE1D2786A2008665FA /* MidiNote.h */ = {isa = PBXFileReference; fileEncoding = 4; lastKnownFileType = sourcecode.c.h; path = MidiNote.h; sourceTree = "<group>"; };
		1FDBD3EF1D2786A2008665FA /* MidiNote.m */ = {isa = PBXFileReference; fileEncoding = 4; lastKnownFileType = sourcecode.c.objc; path = MidiNote.m; sourceTree = "<group>"; };
/* End PBXFileReference section */

/* Begin PBXFrameworksBuildPhase section */
		1F2AD9361D23A9C70020B06E /* Frameworks */ = {
			isa = PBXFrameworksBuildPhase;
			buildActionMask = 2147483647;
			files = (
			);
			runOnlyForDeploymentPostprocessing = 0;
		};
		1F2AD94F1D23A9C70020B06E /* Frameworks */ = {
			isa = PBXFrameworksBuildPhase;
			buildActionMask = 2147483647;
			files = (
			);
			runOnlyForDeploymentPostprocessing = 0;
		};
/* End PBXFrameworksBuildPhase section */

/* Begin PBXGroup section */
		1F11D9C71D3A1EFF00AEC27D /* ViewControllers */ = {
			isa = PBXGroup;
			children = (
				1F11D9C11D38E04100AEC27D /* MainDisplayViewController.h */,
				1F11D9C21D38E04100AEC27D /* MainDisplayViewController.m */,
				1F11D9C41D3A1AE300AEC27D /* MainMenuTVC.h */,
				1F11D9C51D3A1AE300AEC27D /* MainMenuTVC.m */,
				1F11D9C81D3AE43300AEC27D /* SpeedCell.h */,
				1F11D9C91D3AE43300AEC27D /* SpeedCell.m */,
			);
			name = ViewControllers;
			path = "Hexagonal Lantons Ant";
			sourceTree = "<group>";
		};
		1F2AD9301D23A9C70020B06E = {
			isa = PBXGroup;
			children = (
				1F11D9BB1D38CBE400AEC27D /* Settings.h */,
				1F11D9BC1D38CBE400AEC27D /* Settings.m */,
				1F11D9BE1D38CF5D00AEC27D /* Constants.h */,
				1F11D9BF1D38CF5D00AEC27D /* Constants.m */,
				1F8CDAA91D2A350A00AE4D32 /* Ants */,
				1F11D9C71D3A1EFF00AEC27D /* ViewControllers */,
				1F8CDAA51D2A2E1100AE4D32 /* Music and MIDI */,
				1F2AD9641D23AA520020B06E /* Grid.h */,
				1F2AD9651D23AA520020B06E /* Grid.m */,
				1FDBD3EB1D262D42008665FA /* GridPoint.h */,
				1FDBD3EC1D262D42008665FA /* GridPoint.m */,
				1F2DAF4B1D337B65000D898A /* GridCollections */,
				1F2AD93B1D23A9C70020B06E /* Hexagonal Lantons Ant */,
				1F2AD9551D23A9C70020B06E /* Hexagonal Lantons AntTests */,
				1F2AD93A1D23A9C70020B06E /* Products */,
			);
			sourceTree = "<group>";
		};
		1F2AD93A1D23A9C70020B06E /* Products */ = {
			isa = PBXGroup;
			children = (
				1F2AD9391D23A9C70020B06E /* Hexagonal Lantons Ant.app */,
				1F2AD9521D23A9C70020B06E /* Hexagonal Lantons AntTests.xctest */,
			);
			name = Products;
			sourceTree = "<group>";
		};
		1F2AD93B1D23A9C70020B06E /* Hexagonal Lantons Ant */ = {
			isa = PBXGroup;
			children = (
				1F2DAF411D336DF1000D898A /* Old UIViews */,
				1F2AD93F1D23A9C70020B06E /* AppDelegate.h */,
				1F2AD9401D23A9C70020B06E /* AppDelegate.m */,
				1F2AD9451D23A9C70020B06E /* Main.storyboard */,
				1F2AD9481D23A9C70020B06E /* Assets.xcassets */,
				1F2AD94A1D23A9C70020B06E /* LaunchScreen.storyboard */,
				1F2AD94D1D23A9C70020B06E /* Info.plist */,
				1F2AD93C1D23A9C70020B06E /* Supporting Files */,
			);
			path = "Hexagonal Lantons Ant";
			sourceTree = "<group>";
		};
		1F2AD93C1D23A9C70020B06E /* Supporting Files */ = {
			isa = PBXGroup;
			children = (
				1F2AD93D1D23A9C70020B06E /* main.m */,
			);
			name = "Supporting Files";
			sourceTree = "<group>";
		};
		1F2AD9551D23A9C70020B06E /* Hexagonal Lantons AntTests */ = {
			isa = PBXGroup;
			children = (
				1F2AD9561D23A9C70020B06E /* Hexagonal_Lantons_AntTests.m */,
				1F2AD9581D23A9C70020B06E /* Info.plist */,
			);
			path = "Hexagonal Lantons AntTests";
			sourceTree = "<group>";
		};
		1F2DAF411D336DF1000D898A /* Old UIViews */ = {
			isa = PBXGroup;
			children = (
				1F2AD9421D23A9C70020B06E /* ViewController.h */,
				1F2AD9431D23A9C70020B06E /* ViewController.m */,
				1F2AD9611D23A9E90020B06E /* HexagonalGridView.h */,
				1F2AD9621D23A9E90020B06E /* HexagonalGridView.m */,
				1F8CDAAA1D2A358B00AE4D32 /* AntGridView.h */,
				1F8CDAAB1D2A358B00AE4D32 /* AntGridView.m */,
			);
			name = "Old UIViews";
			path = ..;
			sourceTree = "<group>";
		};
		1F2DAF4B1D337B65000D898A /* GridCollections */ = {
			isa = PBXGroup;
			children = (
				1F2DAF451D337259000D898A /* HexagonGridColection.h */,
				1F2DAF461D337259000D898A /* HexagonGridColection.m */,
				1F2DAF481D3375DC000D898A /* UIViewWithPath.h */,
				1F2DAF491D3375DC000D898A /* UIViewWithPath.m */,
				1F2DAF421D336E76000D898A /* SquareGridCollection.h */,
				1F2DAF431D336E76000D898A /* SquareGridCollection.m */,
				1F2DAF3E1D336BA4000D898A /* AbstractGridCollection.h */,
				1F2DAF3F1D336BA4000D898A /* AbstractGridCollection.m */,
			);
			name = GridCollections;
			path = "Hexagonal Lantons Ant";
			sourceTree = "<group>";
		};
		1F8CDAA51D2A2E1100AE4D32 /* Music and MIDI */ = {
			isa = PBXGroup;
			children = (
				1F40BCD61D2798C800B303E0 /* MusicInterpretter.h */,
				1F40BCD71D2798C800B303E0 /* MusicInterpretter.m */,
				1F40BCD41D27947600B303E0 /* Tim.sf2 */,
				1FDBD3EE1D2786A2008665FA /* MidiNote.h */,
				1FDBD3EF1D2786A2008665FA /* MidiNote.m */,
			);
			name = "Music and MIDI";
			sourceTree = "<group>";
		};
		1F8CDAA91D2A350A00AE4D32 /* Ants */ = {
			isa = PBXGroup;
			children = (
				1F2AD96A1D23BF800020B06E /* AbstractAnt.h */,
				1F2AD96B1D23BF800020B06E /* AbstractAnt.m */,
				1F2AD96D1D23BF970020B06E /* HexagonalAnt.h */,
				1F2AD96E1D23BF970020B06E /* HexagonalAnt.m */,
				1F8CDAA61D2A2E3D00AE4D32 /* FourWayAnt.h */,
				1F8CDAA71D2A2E3D00AE4D32 /* FourWayAnt.m */,
				1F11D9B81D33BD1300AEC27D /* EightWayAnt.h */,
				1F11D9B91D33BD1300AEC27D /* EightWayAnt.m */,
			);
			name = Ants;
			sourceTree = "<group>";
		};
/* End PBXGroup section */

/* Begin PBXNativeTarget section */
		1F2AD9381D23A9C70020B06E /* Hexagonal Lantons Ant */ = {
			isa = PBXNativeTarget;
			buildConfigurationList = 1F2AD95B1D23A9C70020B06E /* Build configuration list for PBXNativeTarget "Hexagonal Lantons Ant" */;
			buildPhases = (
				1F2AD9351D23A9C70020B06E /* Sources */,
				1F2AD9361D23A9C70020B06E /* Frameworks */,
				1F2AD9371D23A9C70020B06E /* Resources */,
			);
			buildRules = (
			);
			dependencies = (
			);
			name = "Hexagonal Lantons Ant";
			productName = "Hexagonal Lantons Ant";
			productReference = 1F2AD9391D23A9C70020B06E /* Hexagonal Lantons Ant.app */;
			productType = "com.apple.product-type.application";
		};
		1F2AD9511D23A9C70020B06E /* Hexagonal Lantons AntTests */ = {
			isa = PBXNativeTarget;
			buildConfigurationList = 1F2AD95E1D23A9C70020B06E /* Build configuration list for PBXNativeTarget "Hexagonal Lantons AntTests" */;
			buildPhases = (
				1F2AD94E1D23A9C70020B06E /* Sources */,
				1F2AD94F1D23A9C70020B06E /* Frameworks */,
				1F2AD9501D23A9C70020B06E /* Resources */,
			);
			buildRules = (
			);
			dependencies = (
				1F2AD9541D23A9C70020B06E /* PBXTargetDependency */,
			);
			name = "Hexagonal Lantons AntTests";
			productName = "Hexagonal Lantons AntTests";
			productReference = 1F2AD9521D23A9C70020B06E /* Hexagonal Lantons AntTests.xctest */;
			productType = "com.apple.product-type.bundle.unit-test";
		};
/* End PBXNativeTarget section */

/* Begin PBXProject section */
		1F2AD9311D23A9C70020B06E /* Project object */ = {
			isa = PBXProject;
			attributes = {
				LastUpgradeCheck = 0730;
				ORGANIZATIONNAME = "Jeff Holtzkener";
				TargetAttributes = {
					1F2AD9381D23A9C70020B06E = {
						CreatedOnToolsVersion = 7.3.1;
					};
					1F2AD9511D23A9C70020B06E = {
						CreatedOnToolsVersion = 7.3.1;
						TestTargetID = 1F2AD9381D23A9C70020B06E;
					};
				};
			};
			buildConfigurationList = 1F2AD9341D23A9C70020B06E /* Build configuration list for PBXProject "Hexagonal Lantons Ant" */;
			compatibilityVersion = "Xcode 3.2";
			developmentRegion = English;
			hasScannedForEncodings = 0;
			knownRegions = (
				en,
				Base,
			);
			mainGroup = 1F2AD9301D23A9C70020B06E;
			productRefGroup = 1F2AD93A1D23A9C70020B06E /* Products */;
			projectDirPath = "";
			projectRoot = "";
			targets = (
				1F2AD9381D23A9C70020B06E /* Hexagonal Lantons Ant */,
				1F2AD9511D23A9C70020B06E /* Hexagonal Lantons AntTests */,
			);
		};
/* End PBXProject section */

/* Begin PBXResourcesBuildPhase section */
		1F2AD9371D23A9C70020B06E /* Resources */ = {
			isa = PBXResourcesBuildPhase;
			buildActionMask = 2147483647;
			files = (
				1F2AD94C1D23A9C70020B06E /* LaunchScreen.storyboard in Resources */,
				1F2AD9491D23A9C70020B06E /* Assets.xcassets in Resources */,
				1F40BCD51D27947600B303E0 /* Tim.sf2 in Resources */,
				1F2AD9471D23A9C70020B06E /* Main.storyboard in Resources */,
			);
			runOnlyForDeploymentPostprocessing = 0;
		};
		1F2AD9501D23A9C70020B06E /* Resources */ = {
			isa = PBXResourcesBuildPhase;
			buildActionMask = 2147483647;
			files = (
			);
			runOnlyForDeploymentPostprocessing = 0;
		};
/* End PBXResourcesBuildPhase section */

/* Begin PBXSourcesBuildPhase section */
		1F2AD9351D23A9C70020B06E /* Sources */ = {
			isa = PBXSourcesBuildPhase;
			buildActionMask = 2147483647;
			files = (
				1F11D9BA1D33BD1300AEC27D /* EightWayAnt.m in Sources */,
				1F2DAF471D337259000D898A /* HexagonGridColection.m in Sources */,
				1F11D9BD1D38CBE400AEC27D /* Settings.m in Sources */,
				1F11D9C61D3A1AE300AEC27D /* MainMenuTVC.m in Sources */,
				1F8CDAAC1D2A358B00AE4D32 /* AntGridView.m in Sources */,
				1F11D9C31D38E04100AEC27D /* MainDisplayViewController.m in Sources */,
				1F2AD9661D23AA520020B06E /* Grid.m in Sources */,
				1F11D9CA1D3AE43300AEC27D /* SpeedCell.m in Sources */,
				1F2AD9441D23A9C70020B06E /* ViewController.m in Sources */,
				1F2DAF401D336BA4000D898A /* AbstractGridCollection.m in Sources */,
				1F2AD9411D23A9C70020B06E /* AppDelegate.m in Sources */,
				1F2AD96F1D23BF970020B06E /* HexagonalAnt.m in Sources */,
				1FDBD3F01D2786A2008665FA /* MidiNote.m in Sources */,
				1F8CDAA81D2A2E3D00AE4D32 /* FourWayAnt.m in Sources */,
				1F40BCD81D2798C800B303E0 /* MusicInterpretter.m in Sources */,
				1F2AD9631D23A9E90020B06E /* HexagonalGridView.m in Sources */,
				1F2AD96C1D23BF800020B06E /* AbstractAnt.m in Sources */,
				1FDBD3ED1D262D42008665FA /* GridPoint.m in Sources */,
				1F2DAF4A1D3375DC000D898A /* UIViewWithPath.m in Sources */,
				1F2DAF441D336E76000D898A /* SquareGridCollection.m in Sources */,
				1F2AD93E1D23A9C70020B06E /* main.m in Sources */,
				1F11D9C01D38CF5D00AEC27D /* Constants.m in Sources */,
			);
			runOnlyForDeploymentPostprocessing = 0;
		};
		1F2AD94E1D23A9C70020B06E /* Sources */ = {
			isa = PBXSourcesBuildPhase;
			buildActionMask = 2147483647;
			files = (
				1F2AD9571D23A9C70020B06E /* Hexagonal_Lantons_AntTests.m in Sources */,
			);
			runOnlyForDeploymentPostprocessing = 0;
		};
/* End PBXSourcesBuildPhase section */

/* Begin PBXTargetDependency section */
		1F2AD9541D23A9C70020B06E /* PBXTargetDependency */ = {
			isa = PBXTargetDependency;
			target = 1F2AD9381D23A9C70020B06E /* Hexagonal Lantons Ant */;
			targetProxy = 1F2AD9531D23A9C70020B06E /* PBXContainerItemProxy */;
		};
/* End PBXTargetDependency section */

/* Begin PBXVariantGroup section */
		1F2AD9451D23A9C70020B06E /* Main.storyboard */ = {
			isa = PBXVariantGroup;
			children = (
				1F2AD9461D23A9C70020B06E /* Base */,
			);
			name = Main.storyboard;
			sourceTree = "<group>";
		};
		1F2AD94A1D23A9C70020B06E /* LaunchScreen.storyboard */ = {
			isa = PBXVariantGroup;
			children = (
				1F2AD94B1D23A9C70020B06E /* Base */,
			);
			name = LaunchScreen.storyboard;
			sourceTree = "<group>";
		};
/* End PBXVariantGroup section */

/* Begin XCBuildConfiguration section */
		1F2AD9591D23A9C70020B06E /* Debug */ = {
			isa = XCBuildConfiguration;
			buildSettings = {
				ALWAYS_SEARCH_USER_PATHS = NO;
				CLANG_ANALYZER_NONNULL = YES;
				CLANG_CXX_LANGUAGE_STANDARD = "gnu++0x";
				CLANG_CXX_LIBRARY = "libc++";
				CLANG_ENABLE_MODULES = YES;
				CLANG_ENABLE_OBJC_ARC = YES;
				CLANG_WARN_BOOL_CONVERSION = YES;
				CLANG_WARN_CONSTANT_CONVERSION = YES;
				CLANG_WARN_DIRECT_OBJC_ISA_USAGE = YES_ERROR;
				CLANG_WARN_EMPTY_BODY = YES;
				CLANG_WARN_ENUM_CONVERSION = YES;
				CLANG_WARN_INT_CONVERSION = YES;
				CLANG_WARN_OBJC_ROOT_CLASS = YES_ERROR;
				CLANG_WARN_UNREACHABLE_CODE = YES;
				CLANG_WARN__DUPLICATE_METHOD_MATCH = YES;
				"CODE_SIGN_IDENTITY[sdk=iphoneos*]" = "iPhone Developer";
				COPY_PHASE_STRIP = NO;
				DEBUG_INFORMATION_FORMAT = dwarf;
				ENABLE_STRICT_OBJC_MSGSEND = YES;
				ENABLE_TESTABILITY = YES;
				GCC_C_LANGUAGE_STANDARD = gnu99;
				GCC_DYNAMIC_NO_PIC = NO;
				GCC_NO_COMMON_BLOCKS = YES;
				GCC_OPTIMIZATION_LEVEL = 0;
				GCC_PREPROCESSOR_DEFINITIONS = (
					"DEBUG=1",
					"$(inherited)",
				);
				GCC_WARN_64_TO_32_BIT_CONVERSION = YES;
				GCC_WARN_ABOUT_RETURN_TYPE = YES_ERROR;
				GCC_WARN_UNDECLARED_SELECTOR = YES;
				GCC_WARN_UNINITIALIZED_AUTOS = YES_AGGRESSIVE;
				GCC_WARN_UNUSED_FUNCTION = YES;
				GCC_WARN_UNUSED_VARIABLE = YES;
				IPHONEOS_DEPLOYMENT_TARGET = 9.3;
				MTL_ENABLE_DEBUG_INFO = YES;
				ONLY_ACTIVE_ARCH = YES;
				SDKROOT = iphoneos;
				TARGETED_DEVICE_FAMILY = "1,2";
			};
			name = Debug;
		};
		1F2AD95A1D23A9C70020B06E /* Release */ = {
			isa = XCBuildConfiguration;
			buildSettings = {
				ALWAYS_SEARCH_USER_PATHS = NO;
				CLANG_ANALYZER_NONNULL = YES;
				CLANG_CXX_LANGUAGE_STANDARD = "gnu++0x";
				CLANG_CXX_LIBRARY = "libc++";
				CLANG_ENABLE_MODULES = YES;
				CLANG_ENABLE_OBJC_ARC = YES;
				CLANG_WARN_BOOL_CONVERSION = YES;
				CLANG_WARN_CONSTANT_CONVERSION = YES;
				CLANG_WARN_DIRECT_OBJC_ISA_USAGE = YES_ERROR;
				CLANG_WARN_EMPTY_BODY = YES;
				CLANG_WARN_ENUM_CONVERSION = YES;
				CLANG_WARN_INT_CONVERSION = YES;
				CLANG_WARN_OBJC_ROOT_CLASS = YES_ERROR;
				CLANG_WARN_UNREACHABLE_CODE = YES;
				CLANG_WARN__DUPLICATE_METHOD_MATCH = YES;
				"CODE_SIGN_IDENTITY[sdk=iphoneos*]" = "iPhone Developer";
				COPY_PHASE_STRIP = NO;
				DEBUG_INFORMATION_FORMAT = "dwarf-with-dsym";
				ENABLE_NS_ASSERTIONS = NO;
				ENABLE_STRICT_OBJC_MSGSEND = YES;
				GCC_C_LANGUAGE_STANDARD = gnu99;
				GCC_NO_COMMON_BLOCKS = YES;
				GCC_WARN_64_TO_32_BIT_CONVERSION = YES;
				GCC_WARN_ABOUT_RETURN_TYPE = YES_ERROR;
				GCC_WARN_UNDECLARED_SELECTOR = YES;
				GCC_WARN_UNINITIALIZED_AUTOS = YES_AGGRESSIVE;
				GCC_WARN_UNUSED_FUNCTION = YES;
				GCC_WARN_UNUSED_VARIABLE = YES;
				IPHONEOS_DEPLOYMENT_TARGET = 9.3;
				MTL_ENABLE_DEBUG_INFO = NO;
				SDKROOT = iphoneos;
				TARGETED_DEVICE_FAMILY = "1,2";
				VALIDATE_PRODUCT = YES;
			};
			name = Release;
		};
		1F2AD95C1D23A9C70020B06E /* Debug */ = {
			isa = XCBuildConfiguration;
			buildSettings = {
				ASSETCATALOG_COMPILER_APPICON_NAME = AppIcon;
				INFOPLIST_FILE = "Hexagonal Lantons Ant/Info.plist";
				LD_RUNPATH_SEARCH_PATHS = "$(inherited) @executable_path/Frameworks";
				PRODUCT_BUNDLE_IDENTIFIER = "com.crashingbooth.Hexagonal-Lantons-Ant";
				PRODUCT_NAME = "$(TARGET_NAME)";
			};
			name = Debug;
		};
		1F2AD95D1D23A9C70020B06E /* Release */ = {
			isa = XCBuildConfiguration;
			buildSettings = {
				ASSETCATALOG_COMPILER_APPICON_NAME = AppIcon;
				INFOPLIST_FILE = "Hexagonal Lantons Ant/Info.plist";
				LD_RUNPATH_SEARCH_PATHS = "$(inherited) @executable_path/Frameworks";
				PRODUCT_BUNDLE_IDENTIFIER = "com.crashingbooth.Hexagonal-Lantons-Ant";
				PRODUCT_NAME = "$(TARGET_NAME)";
			};
			name = Release;
		};
		1F2AD95F1D23A9C70020B06E /* Debug */ = {
			isa = XCBuildConfiguration;
			buildSettings = {
				BUNDLE_LOADER = "$(TEST_HOST)";
				INFOPLIST_FILE = "Hexagonal Lantons AntTests/Info.plist";
				LD_RUNPATH_SEARCH_PATHS = "$(inherited) @executable_path/Frameworks @loader_path/Frameworks";
				PRODUCT_BUNDLE_IDENTIFIER = "com.crashingbooth.Hexagonal-Lantons-AntTests";
				PRODUCT_NAME = "$(TARGET_NAME)";
				TEST_HOST = "$(BUILT_PRODUCTS_DIR)/Hexagonal Lantons Ant.app/Hexagonal Lantons Ant";
			};
			name = Debug;
		};
		1F2AD9601D23A9C70020B06E /* Release */ = {
			isa = XCBuildConfiguration;
			buildSettings = {
				BUNDLE_LOADER = "$(TEST_HOST)";
				INFOPLIST_FILE = "Hexagonal Lantons AntTests/Info.plist";
				LD_RUNPATH_SEARCH_PATHS = "$(inherited) @executable_path/Frameworks @loader_path/Frameworks";
				PRODUCT_BUNDLE_IDENTIFIER = "com.crashingbooth.Hexagonal-Lantons-AntTests";
				PRODUCT_NAME = "$(TARGET_NAME)";
				TEST_HOST = "$(BUILT_PRODUCTS_DIR)/Hexagonal Lantons Ant.app/Hexagonal Lantons Ant";
			};
			name = Release;
		};
/* End XCBuildConfiguration section */

/* Begin XCConfigurationList section */
		1F2AD9341D23A9C70020B06E /* Build configuration list for PBXProject "Hexagonal Lantons Ant" */ = {
			isa = XCConfigurationList;
			buildConfigurations = (
				1F2AD9591D23A9C70020B06E /* Debug */,
				1F2AD95A1D23A9C70020B06E /* Release */,
			);
			defaultConfigurationIsVisible = 0;
			defaultConfigurationName = Release;
		};
		1F2AD95B1D23A9C70020B06E /* Build configuration list for PBXNativeTarget "Hexagonal Lantons Ant" */ = {
			isa = XCConfigurationList;
			buildConfigurations = (
				1F2AD95C1D23A9C70020B06E /* Debug */,
				1F2AD95D1D23A9C70020B06E /* Release */,
			);
			defaultConfigurationIsVisible = 0;
			defaultConfigurationName = Release;
		};
		1F2AD95E1D23A9C70020B06E /* Build configuration list for PBXNativeTarget "Hexagonal Lantons AntTests" */ = {
			isa = XCConfigurationList;
			buildConfigurations = (
				1F2AD95F1D23A9C70020B06E /* Debug */,
				1F2AD9601D23A9C70020B06E /* Release */,
			);
			defaultConfigurationIsVisible = 0;
			defaultConfigurationName = Release;
		};
/* End XCConfigurationList section */
	};
	rootObject = 1F2AD9311D23A9C70020B06E /* Project object */;
}
